
Microsoft Visual Studio Solution File, Format Version 12.00
# Visual Studio Version 16
VisualStudioVersion = 16.0.31112.23
MinimumVisualStudioVersion = 10.0.40219.1
Project("{FAE04EC0-301F-11D3-BF4B-00C04F79EFBC}") = "ExtensionMethodExample", "ExtensionMethodExample\ExtensionMethodExample.csproj", "{304FFAE1-CCED-488B-B95E-37B1A5E5FCE6}"
EndProject
Global
	GlobalSection(SolutionConfigurationPlatforms) = preSolution
		Debug|Any CPU = Debug|Any CPU
		Release|Any CPU = Release|Any CPU
	EndGlobalSection
	GlobalSection(ProjectConfigurationPlatforms) = postSolution
		{304FFAE1-CCED-488B-B95E-37B1A5E5FCE6}.Debug|Any CPU.ActiveCfg = Debug|Any CPU
		{304FFAE1-CCED-488B-B95E-37B1A5E5FCE6}.Debug|Any CPU.Build.0 = Debug|Any CPU
		{304FFAE1-CCED-488B-B95E-37B1A5E5FCE6}.Release|Any CPU.ActiveCfg = Release|Any CPU
		{304FFAE1-CCED-488B-B95E-37B1A5E5FCE6}.Release|Any CPU.Build.0 = Release|Any CPU
	EndGlobalSection
	GlobalSection(SolutionProperties) = preSolution
		HideSolutionNode = FALSE
	EndGlobalSection
	GlobalSection(ExtensibilityGlobals) = postSolution
		SolutionGuid = {533FFCBE-78BE-490D-80E8-ABB8C513A306}
	EndGlobalSection
EndGlobal
